
Microsoft Visual Studio Solution File, Format Version 12.00
# Visual Studio 15
Project("{FAE04EC0-301F-11D3-BF4B-00C04F79EFBC}") = "student", "student.csproj", "{8AE2E4DA-A404-4BED-B029-2E6AB2BF3366}"
EndProject
Global
	GlobalSection(SolutionConfigurationPlatforms) = preSolution
		Debug|Any CPU = Debug|Any CPU
		Release|Any CPU = Release|Any CPU
	EndGlobalSection
	GlobalSection(ProjectConfigurationPlatforms) = postSolution
		{8AE2E4DA-A404-4BED-B029-2E6AB2BF3366}.Debug|Any CPU.ActiveCfg = Debug|Any CPU
		{8AE2E4DA-A404-4BED-B029-2E6AB2BF3366}.Debug|Any CPU.Build.0 = Debug|Any CPU
		{8AE2E4DA-A404-4BED-B029-2E6AB2BF3366}.Release|Any CPU.ActiveCfg = Release|Any CPU
		{8AE2E4DA-A404-4BED-B029-2E6AB2BF3366}.Release|Any CPU.Build.0 = Release|Any CPU
	EndGlobalSection
EndGlobal
